// !$*UTF8*$!
{
	archiveVersion = 1;
	classes = {
	};
	objectVersion = 50;
	objects = {

/* Begin PBXBuildFile section */
		5F35751526939A2E00E7F0ED /* TestVc.swift in Sources */ = {isa = PBXBuildFile; fileRef = 5F35751426939A2E00E7F0ED /* TestVc.swift */; };
		5FFFDCC2268F7ED200D2BF04 /* AppDelegate.swift in Sources */ = {isa = PBXBuildFile; fileRef = 5FFFDCC1268F7ED200D2BF04 /* AppDelegate.swift */; };
		5FFFDCC4268F7ED200D2BF04 /* SceneDelegate.swift in Sources */ = {isa = PBXBuildFile; fileRef = 5FFFDCC3268F7ED200D2BF04 /* SceneDelegate.swift */; };
		5FFFDCC6268F7ED200D2BF04 /* ViewController.swift in Sources */ = {isa = PBXBuildFile; fileRef = 5FFFDCC5268F7ED200D2BF04 /* ViewController.swift */; };
		5FFFDCC9268F7ED200D2BF04 /* Main.storyboard in Resources */ = {isa = PBXBuildFile; fileRef = 5FFFDCC7268F7ED200D2BF04 /* Main.storyboard */; };
		5FFFDCCB268F7EDA00D2BF04 /* Assets.xcassets in Resources */ = {isa = PBXBuildFile; fileRef = 5FFFDCCA268F7EDA00D2BF04 /* Assets.xcassets */; };
		5FFFDCCE268F7EDA00D2BF04 /* LaunchScreen.storyboard in Resources */ = {isa = PBXBuildFile; fileRef = 5FFFDCCC268F7EDA00D2BF04 /* LaunchScreen.storyboard */; };
/* End PBXBuildFile section */

/* Begin PBXFileReference section */
		5F35751426939A2E00E7F0ED /* TestVc.swift */ = {isa = PBXFileReference; lastKnownFileType = sourcecode.swift; path = TestVc.swift; sourceTree = "<group>"; };
		5FFFDCBE268F7ED200D2BF04 /* Tester.app */ = {isa = PBXFileReference; explicitFileType = wrapper.application; includeInIndex = 0; path = Tester.app; sourceTree = BUILT_PRODUCTS_DIR; };
		5FFFDCC1268F7ED200D2BF04 /* AppDelegate.swift */ = {isa = PBXFileReference; lastKnownFileType = sourcecode.swift; path = AppDelegate.swift; sourceTree = "<group>"; };
		5FFFDCC3268F7ED200D2BF04 /* SceneDelegate.swift */ = {isa = PBXFileReference; lastKnownFileType = sourcecode.swift; path = SceneDelegate.swift; sourceTree = "<group>"; };
		5FFFDCC5268F7ED200D2BF04 /* ViewController.swift */ = {isa = PBXFileReference; lastKnownFileType = sourcecode.swift; path = ViewController.swift; sourceTree = "<group>"; };
		5FFFDCC8268F7ED200D2BF04 /* Base */ = {isa = PBXFileReference; lastKnownFileType = file.storyboard; name = Base; path = Base.lproj/Main.storyboard; sourceTree = "<group>"; };
		5FFFDCCA268F7EDA00D2BF04 /* Assets.xcassets */ = {isa = PBXFileReference; lastKnownFileType = folder.assetcatalog; path = Assets.xcassets; sourceTree = "<group>"; };
		5FFFDCCD268F7EDA00D2BF04 /* Base */ = {isa = PBXFileReference; lastKnownFileType = file.storyboard; name = Base; path = Base.lproj/LaunchScreen.storyboard; sourceTree = "<group>"; };
		5FFFDCCF268F7EDA00D2BF04 /* Info.plist */ = {isa = PBXFileReference; lastKnownFileType = text.plist.xml; path = Info.plist; sourceTree = "<group>"; };
/* End PBXFileReference section */

/* Begin PBXFrameworksBuildPhase section */
		5FFFDCBB268F7ED200D2BF04 /* Frameworks */ = {
			isa = PBXFrameworksBuildPhase;
			buildActionMask = 2147483647;
			files = (
			);
			runOnlyForDeploymentPostprocessing = 0;
		};
/* End PBXFrameworksBuildPhase section */

/* Begin PBXGroup section */
		5FFFDCB5268F7ED200D2BF04 = {
			isa = PBXGroup;
			children = (
				5FFFDCC0268F7ED200D2BF04 /* Tester */,
				5FFFDCBF268F7ED200D2BF04 /* Products */,
			);
			sourceTree = "<group>";
		};
		5FFFDCBF268F7ED200D2BF04 /* Products */ = {
			isa = PBXGroup;
			children = (
				5FFFDCBE268F7ED200D2BF04 /* Tester.app */,
			);
			name = Products;
			sourceTree = "<group>";
		};
		5FFFDCC0268F7ED200D2BF04 /* Tester */ = {
			isa = PBXGroup;
			children = (
				5FFFDCC1268F7ED200D2BF04 /* AppDelegate.swift */,
				5FFFDCC3268F7ED200D2BF04 /* SceneDelegate.swift */,
				5FFFDCC5268F7ED200D2BF04 /* ViewController.swift */,
				5FFFDCC7268F7ED200D2BF04 /* Main.storyboard */,
				5F35751426939A2E00E7F0ED /* TestVc.swift */,
				5FFFDCCA268F7EDA00D2BF04 /* Assets.xcassets */,
				5FFFDCCC268F7EDA00D2BF04 /* LaunchScreen.storyboard */,
				5FFFDCCF268F7EDA00D2BF04 /* Info.plist */,
			);
			path = Tester;
			sourceTree = "<group>";
		};
/* End PBXGroup section */

/* Begin PBXNativeTarget section */
		5FFFDCBD268F7ED200D2BF04 /* Tester */ = {
			isa = PBXNativeTarget;
			buildConfigurationList = 5FFFDCD2268F7EDA00D2BF04 /* Build configuration list for PBXNativeTarget "Tester" */;
			buildPhases = (
				5FFFDCBA268F7ED200D2BF04 /* Sources */,
				5FFFDCBB268F7ED200D2BF04 /* Frameworks */,
				5FFFDCBC268F7ED200D2BF04 /* Resources */,
			);
			buildRules = (
			);
			dependencies = (
			);
			name = Tester;
			productName = Tester;
			productReference = 5FFFDCBE268F7ED200D2BF04 /* Tester.app */;
			productType = "com.apple.product-type.application";
		};
/* End PBXNativeTarget section */

/* Begin PBXProject section */
		5FFFDCB6268F7ED200D2BF04 /* Project object */ = {
			isa = PBXProject;
			attributes = {
				LastSwiftUpdateCheck = 1230;
				LastUpgradeCheck = 1230;
				TargetAttributes = {
					5FFFDCBD268F7ED200D2BF04 = {
						CreatedOnToolsVersion = 12.3;
					};
				};
			};
			buildConfigurationList = 5FFFDCB9268F7ED200D2BF04 /* Build configuration list for PBXProject "Tester" */;
			compatibilityVersion = "Xcode 9.3";
			developmentRegion = en;
			hasScannedForEncodings = 0;
			knownRegions = (
				en,
				Base,
			);
			mainGroup = 5FFFDCB5268F7ED200D2BF04;
			productRefGroup = 5FFFDCBF268F7ED200D2BF04 /* Products */;
			projectDirPath = "";
			projectRoot = "";
			targets = (
				5FFFDCBD268F7ED200D2BF04 /* Tester */,
			);
		};
/* End PBXProject section */

/* Begin PBXResourcesBuildPhase section */
		5FFFDCBC268F7ED200D2BF04 /* Resources */ = {
			isa = PBXResourcesBuildPhase;
			buildActionMask = 2147483647;
			files = (
				5FFFDCCE268F7EDA00D2BF04 /* LaunchScreen.storyboard in Resources */,
				5FFFDCCB268F7EDA00D2BF04 /* Assets.xcassets in Resources */,
				5FFFDCC9268F7ED200D2BF04 /* Main.storyboard in Resources */,
			);
			runOnlyForDeploymentPostprocessing = 0;
		};
/* End PBXResourcesBuildPhase section */

/* Begin PBXSourcesBuildPhase section */
		5FFFDCBA268F7ED200D2BF04 /* Sources */ = {
			isa = PBXSourcesBuildPhase;
			buildActionMask = 2147483647;
			files = (
				5F35751526939A2E00E7F0ED /* TestVc.swift in Sources */,
				5FFFDCC6268F7ED200D2BF04 /* ViewController.swift in Sources */,
				5FFFDCC2268F7ED200D2BF04 /* AppDelegate.swift in Sources */,
				5FFFDCC4268F7ED200D2BF04 /* SceneDelegate.swift in Sources */,
			);
			runOnlyForDeploymentPostprocessing = 0;
		};
/* End PBXSourcesBuildPhase section */

/* Begin PBXVariantGroup section */
		5FFFDCC7268F7ED200D2BF04 /* Main.storyboard */ = {
			isa = PBXVariantGroup;
			children = (
				5FFFDCC8268F7ED200D2BF04 /* Base */,
			);
			name = Main.storyboard;
			sourceTree = "<group>";
		};
		5FFFDCCC268F7EDA00D2BF04 /* LaunchScreen.storyboard */ = {
			isa = PBXVariantGroup;
			children = (
				5FFFDCCD268F7EDA00D2BF04 /* Base */,
			);
			name = LaunchScreen.storyboard;
			sourceTree = "<group>";
		};
/* End PBXVariantGroup section */

/* Begin XCBuildConfiguration section */
		5FFFDCD0268F7EDA00D2BF04 /* Debug */ = {
			isa = XCBuildConfiguration;
			buildSettings = {
				ALWAYS_SEARCH_USER_PATHS = NO;
				CLANG_ANALYZER_NONNULL = YES;
				CLANG_ANALYZER_NUMBER_OBJECT_CONVERSION = YES_AGGRESSIVE;
				CLANG_CXX_LANGUAGE_STANDARD = "gnu++14";
				CLANG_CXX_LIBRARY = "libc++";
				CLANG_ENABLE_MODULES = YES;
				CLANG_ENABLE_OBJC_ARC = YES;
				CLANG_ENABLE_OBJC_WEAK = YES;
				CLANG_WARN_BLOCK_CAPTURE_AUTORELEASING = YES;
				CLANG_WARN_BOOL_CONVERSION = YES;
				CLANG_WARN_COMMA = YES;
				CLANG_WARN_CONSTANT_CONVERSION = YES;
				CLANG_WARN_DEPRECATED_OBJC_IMPLEMENTATIONS = YES;
				CLANG_WARN_DIRECT_OBJC_ISA_USAGE = YES_ERROR;
				CLANG_WARN_DOCUMENTATION_COMMENTS = YES;
				CLANG_WARN_EMPTY_BODY = YES;
				CLANG_WARN_ENUM_CONVERSION = YES;
				CLANG_WARN_INFINITE_RECURSION = YES;
				CLANG_WARN_INT_CONVERSION = YES;
				CLANG_WARN_NON_LITERAL_NULL_CONVERSION = YES;
				CLANG_WARN_OBJC_IMPLICIT_RETAIN_SELF = YES;
				CLANG_WARN_OBJC_LITERAL_CONVERSION = YES;
				CLANG_WARN_OBJC_ROOT_CLASS = YES_ERROR;
				CLANG_WARN_QUOTED_INCLUDE_IN_FRAMEWORK_HEADER = YES;
				CLANG_WARN_RANGE_LOOP_ANALYSIS = YES;
				CLANG_WARN_STRICT_PROTOTYPES = YES;
				CLANG_WARN_SUSPICIOUS_MOVE = YES;
				CLANG_WARN_UNGUARDED_AVAILABILITY = YES_AGGRESSIVE;
				CLANG_WARN_UNREACHABLE_CODE = YES;
				CLANG_WARN__DUPLICATE_METHOD_MATCH = YES;
				COPY_PHASE_STRIP = NO;
				DEBUG_INFORMATION_FORMAT = dwarf;
				ENABLE_STRICT_OBJC_MSGSEND = YES;
				ENABLE_TESTABILITY = YES;
				GCC_C_LANGUAGE_STANDARD = gnu11;
				GCC_DYNAMIC_NO_PIC = NO;
				GCC_NO_COMMON_BLOCKS = YES;
				GCC_OPTIMIZATION_LEVEL = 0;
				GCC_PREPROCESSOR_DEFINITIONS = (
					"DEBUG=1",
					"$(inherited)",
				);
				GCC_WARN_64_TO_32_BIT_CONVERSION = YES;
				GCC_WARN_ABOUT_RETURN_TYPE = YES_ERROR;
				GCC_WARN_UNDECLARED_SELECTOR = YES;
				GCC_WARN_UNINITIALIZED_AUTOS = YES_AGGRESSIVE;
				GCC_WARN_UNUSED_FUNCTION = YES;
				GCC_WARN_UNUSED_VARIABLE = YES;
				IPHONEOS_DEPLOYMENT_TARGET = 14.3;
				MTL_ENABLE_DEBUG_INFO = INCLUDE_SOURCE;
				MTL_FAST_MATH = YES;
				ONLY_ACTIVE_ARCH = YES;
				SDKROOT = iphoneos;
				SWIFT_ACTIVE_COMPILATION_CONDITIONS = DEBUG;
				SWIFT_OPTIMIZATION_LEVEL = "-Onone";
			};
			name = Debug;
		};
		5FFFDCD1268F7EDA00D2BF04 /* Release */ = {
			isa = XCBuildConfiguration;
			buildSettings = {
				ALWAYS_SEARCH_USER_PATHS = NO;
				CLANG_ANALYZER_NONNULL = YES;
				CLANG_ANALYZER_NUMBER_OBJECT_CONVERSION = YES_AGGRESSIVE;
				CLANG_CXX_LANGUAGE_STANDARD = "gnu++14";
				CLANG_CXX_LIBRARY = "libc++";
				CLANG_ENABLE_MODULES = YES;
				CLANG_ENABLE_OBJC_ARC = YES;
				CLANG_ENABLE_OBJC_WEAK = YES;
				CLANG_WARN_BLOCK_CAPTURE_AUTORELEASING = YES;
				CLANG_WARN_BOOL_CONVERSION = YES;
				CLANG_WARN_COMMA = YES;
				CLANG_WARN_CONSTANT_CONVERSION = YES;
				CLANG_WARN_DEPRECATED_OBJC_IMPLEMENTATIONS = YES;
				CLANG_WARN_DIRECT_OBJC_ISA_USAGE = YES_ERROR;
				CLANG_WARN_DOCUMENTATION_COMMENTS = YES;
				CLANG_WARN_EMPTY_BODY = YES;
				CLANG_WARN_ENUM_CONVERSION = YES;
				CLANG_WARN_INFINITE_RECURSION = YES;
				CLANG_WARN_INT_CONVERSION = YES;
				CLANG_WARN_NON_LITERAL_NULL_CONVERSION = YES;
				CLANG_WARN_OBJC_IMPLICIT_RETAIN_SELF = YES;
				CLANG_WARN_OBJC_LITERAL_CONVERSION = YES;
				CLANG_WARN_OBJC_ROOT_CLASS = YES_ERROR;
				CLANG_WARN_QUOTED_INCLUDE_IN_FRAMEWORK_HEADER = YES;
				CLANG_WARN_RANGE_LOOP_ANALYSIS = YES;
				CLANG_WARN_STRICT_PROTOTYPES = YES;
				CLANG_WARN_SUSPICIOUS_MOVE = YES;
				CLANG_WARN_UNGUARDED_AVAILABILITY = YES_AGGRESSIVE;
				CLANG_WARN_UNREACHABLE_CODE = YES;
				CLANG_WARN__DUPLICATE_METHOD_MATCH = YES;
				COPY_PHASE_STRIP = NO;
				DEBUG_INFORMATION_FORMAT = "dwarf-with-dsym";
				ENABLE_NS_ASSERTIONS = NO;
				ENABLE_STRICT_OBJC_MSGSEND = YES;
				GCC_C_LANGUAGE_STANDARD = gnu11;
				GCC_NO_COMMON_BLOCKS = YES;
				GCC_WARN_64_TO_32_BIT_CONVERSION = YES;
				GCC_WARN_ABOUT_RETURN_TYPE = YES_ERROR;
				GCC_WARN_UNDECLARED_SELECTOR = YES;
				GCC_WARN_UNINITIALIZED_AUTOS = YES_AGGRESSIVE;
				GCC_WARN_UNUSED_FUNCTION = YES;
				GCC_WARN_UNUSED_VARIABLE = YES;
				IPHONEOS_DEPLOYMENT_TARGET = 14.3;
				MTL_ENABLE_DEBUG_INFO = NO;
				MTL_FAST_MATH = YES;
				SDKROOT = iphoneos;
				SWIFT_COMPILATION_MODE = wholemodule;
				SWIFT_OPTIMIZATION_LEVEL = "-O";
				VALIDATE_PRODUCT = YES;
			};
			name = Release;
		};
		5FFFDCD3268F7EDA00D2BF04 /* Debug */ = {
			isa = XCBuildConfiguration;
			buildSettings = {
				ASSETCATALOG_COMPILER_APPICON_NAME = AppIcon;
				ASSETCATALOG_COMPILER_GLOBAL_ACCENT_COLOR_NAME = AccentColor;
				CODE_SIGN_STYLE = Automatic;
				DEVELOPMENT_TEAM = A37PD25RSZ;
				INFOPLIST_FILE = Tester/Info.plist;
				LD_RUNPATH_SEARCH_PATHS = (
					"$(inherited)",
					"@executable_path/Frameworks",
				);
				PRODUCT_BUNDLE_IDENTIFIER = com.Token.app.Tester;
				PRODUCT_NAME = "$(TARGET_NAME)";
				SWIFT_VERSION = 5.0;
				TARGETED_DEVICE_FAMILY = "1,2";
			};
			name = Debug;
		};
		5FFFDCD4268F7EDA00D2BF04 /* Release */ = {
			isa = XCBuildConfiguration;
			buildSettings = {
				ASSETCATALOG_COMPILER_APPICON_NAME = AppIcon;
				ASSETCATALOG_COMPILER_GLOBAL_ACCENT_COLOR_NAME = AccentColor;
				CODE_SIGN_STYLE = Automatic;
				DEVELOPMENT_TEAM = A37PD25RSZ;
				INFOPLIST_FILE = Tester/Info.plist;
				LD_RUNPATH_SEARCH_PATHS = (
					"$(inherited)",
					"@executable_path/Frameworks",
				);
				PRODUCT_BUNDLE_IDENTIFIER = com.Token.app.Tester;
				PRODUCT_NAME = "$(TARGET_NAME)";
				SWIFT_VERSION = 5.0;
				TARGETED_DEVICE_FAMILY = "1,2";
			};
			name = Release;
		};
/* End XCBuildConfiguration section */

/* Begin XCConfigurationList section */
		5FFFDCB9268F7ED200D2BF04 /* Build configuration list for PBXProject "Tester" */ = {
			isa = XCConfigurationList;
			buildConfigurations = (
				5FFFDCD0268F7EDA00D2BF04 /* Debug */,
				5FFFDCD1268F7EDA00D2BF04 /* Release */,
			);
			defaultConfigurationIsVisible = 0;
			defaultConfigurationName = Release;
		};
		5FFFDCD2268F7EDA00D2BF04 /* Build configuration list for PBXNativeTarget "Tester" */ = {
			isa = XCConfigurationList;
			buildConfigurations = (
				5FFFDCD3268F7EDA00D2BF04 /* Debug */,
				5FFFDCD4268F7EDA00D2BF04 /* Release */,
			);
			defaultConfigurationIsVisible = 0;
			defaultConfigurationName = Release;
		};
/* End XCConfigurationList section */
	};
	rootObject = 5FFFDCB6268F7ED200D2BF04 /* Project object */;
}
